
Microsoft Visual Studio Solution File, Format Version 12.00
# Visual Studio 15
VisualStudioVersion = 15.0.26730.16
MinimumVisualStudioVersion = 10.0.40219.1
Project("{FAE04EC0-301F-11D3-BF4B-00C04F79EFBC}") = "DI", "DI\DI.csproj", "{0BB648D6-E83B-4BAA-BCBA-4891BE530466}"
EndProject
Project("{FAE04EC0-301F-11D3-BF4B-00C04F79EFBC}") = "DI.Test", "DI.Test\DI.Test.csproj", "{04CC2C67-834D-4B5C-8488-8846F971995A}"
EndProject
Global
	GlobalSection(SolutionConfigurationPlatforms) = preSolution
		Debug|Any CPU = Debug|Any CPU
		Release|Any CPU = Release|Any CPU
	EndGlobalSection
	GlobalSection(ProjectConfigurationPlatforms) = postSolution
		{0BB648D6-E83B-4BAA-BCBA-4891BE530466}.Debug|Any CPU.ActiveCfg = Debug|Any CPU
		{0BB648D6-E83B-4BAA-BCBA-4891BE530466}.Debug|Any CPU.Build.0 = Debug|Any CPU
		{0BB648D6-E83B-4BAA-BCBA-4891BE530466}.Release|Any CPU.ActiveCfg = Release|Any CPU
		{0BB648D6-E83B-4BAA-BCBA-4891BE530466}.Release|Any CPU.Build.0 = Release|Any CPU
		{04CC2C67-834D-4B5C-8488-8846F971995A}.Debug|Any CPU.ActiveCfg = Debug|Any CPU
		{04CC2C67-834D-4B5C-8488-8846F971995A}.Debug|Any CPU.Build.0 = Debug|Any CPU
		{04CC2C67-834D-4B5C-8488-8846F971995A}.Release|Any CPU.ActiveCfg = Release|Any CPU
		{04CC2C67-834D-4B5C-8488-8846F971995A}.Release|Any CPU.Build.0 = Release|Any CPU
	EndGlobalSection
	GlobalSection(SolutionProperties) = preSolution
		HideSolutionNode = FALSE
	EndGlobalSection
	GlobalSection(ExtensibilityGlobals) = postSolution
		SolutionGuid = {DB6CD9E2-5C67-4C71-A40E-4D2BACCF39D3}
	EndGlobalSection
EndGlobal
